
Microsoft Visual Studio Solution File, Format Version 12.00
# Visual Studio Version 16
VisualStudioVersion = 16.0.31702.278
MinimumVisualStudioVersion = 10.0.40219.1
Project("{FAE04EC0-301F-11D3-BF4B-00C04F79EFBC}") = "gridly-csharp-sample", "gridly-csharp-sample.csproj", "{023A8F47-9A1D-4CED-9D98-EBAF73F82BD0}"
EndProject
Global
	GlobalSection(SolutionConfigurationPlatforms) = preSolution
		Debug|Any CPU = Debug|Any CPU
		Release|Any CPU = Release|Any CPU
	EndGlobalSection
	GlobalSection(ProjectConfigurationPlatforms) = postSolution
		{023A8F47-9A1D-4CED-9D98-EBAF73F82BD0}.Debug|Any CPU.ActiveCfg = Debug|Any CPU
		{023A8F47-9A1D-4CED-9D98-EBAF73F82BD0}.Debug|Any CPU.Build.0 = Debug|Any CPU
		{023A8F47-9A1D-4CED-9D98-EBAF73F82BD0}.Release|Any CPU.ActiveCfg = Release|Any CPU
		{023A8F47-9A1D-4CED-9D98-EBAF73F82BD0}.Release|Any CPU.Build.0 = Release|Any CPU
	EndGlobalSection
	GlobalSection(SolutionProperties) = preSolution
		HideSolutionNode = FALSE
	EndGlobalSection
	GlobalSection(ExtensibilityGlobals) = postSolution
		SolutionGuid = {A41F1669-77BA-4ACB-9A01-6DDC32C8E495}
	EndGlobalSection
EndGlobal
